
Microsoft Visual Studio Solution File, Format Version 12.00
# Visual Studio Version 17
VisualStudioVersion = 17.8.34525.116
MinimumVisualStudioVersion = 10.0.40219.1
Project("{9A19103F-16F7-4668-BE54-9A1E7A4F7556}") = "PokeroleBuddyJsonHandler", "PokeroleBuddyJsonHandler\PokeroleBuddyJsonHandler.csproj", "{A583F7C3-2818-4F60-A459-EA42DE8C8217}"
EndProject
Project("{FAE04EC0-301F-11D3-BF4B-00C04F79EFBC}") = "PRJsonClasses", "PRJsonClasses\PRJsonClasses.csproj", "{2951F1D2-D391-4BBD-AC1F-0BD5B3FFC626}"
EndProject
Global
	GlobalSection(SolutionConfigurationPlatforms) = preSolution
		Debug|Any CPU = Debug|Any CPU
		Release|Any CPU = Release|Any CPU
	EndGlobalSection
	GlobalSection(ProjectConfigurationPlatforms) = postSolution
		{A583F7C3-2818-4F60-A459-EA42DE8C8217}.Debug|Any CPU.ActiveCfg = Debug|Any CPU
		{A583F7C3-2818-4F60-A459-EA42DE8C8217}.Debug|Any CPU.Build.0 = Debug|Any CPU
		{A583F7C3-2818-4F60-A459-EA42DE8C8217}.Release|Any CPU.ActiveCfg = Release|Any CPU
		{A583F7C3-2818-4F60-A459-EA42DE8C8217}.Release|Any CPU.Build.0 = Release|Any CPU
		{2951F1D2-D391-4BBD-AC1F-0BD5B3FFC626}.Debug|Any CPU.ActiveCfg = Debug|Any CPU
		{2951F1D2-D391-4BBD-AC1F-0BD5B3FFC626}.Debug|Any CPU.Build.0 = Debug|Any CPU
		{2951F1D2-D391-4BBD-AC1F-0BD5B3FFC626}.Release|Any CPU.ActiveCfg = Release|Any CPU
		{2951F1D2-D391-4BBD-AC1F-0BD5B3FFC626}.Release|Any CPU.Build.0 = Release|Any CPU
	EndGlobalSection
	GlobalSection(SolutionProperties) = preSolution
		HideSolutionNode = FALSE
	EndGlobalSection
	GlobalSection(ExtensibilityGlobals) = postSolution
		SolutionGuid = {501E96F9-E4CE-463C-8406-329D9D48FE3A}
	EndGlobalSection
EndGlobal
